
Microsoft Visual Studio Solution File, Format Version 12.00
# Visual Studio Version 16
VisualStudioVersion = 16.0.33214.272
MinimumVisualStudioVersion = 10.0.40219.1
Project("{FAE04EC0-301F-11D3-BF4B-00C04F79EFBC}") = "WebApplication1", "WebApplication1\WebApplication1.csproj", "{AD52175B-D365-4CD5-B3E0-75EB81148707}"
EndProject
Global
	GlobalSection(SolutionConfigurationPlatforms) = preSolution
		Debug|Any CPU = Debug|Any CPU
		Release|Any CPU = Release|Any CPU
	EndGlobalSection
	GlobalSection(ProjectConfigurationPlatforms) = postSolution
		{AD52175B-D365-4CD5-B3E0-75EB81148707}.Debug|Any CPU.ActiveCfg = Debug|Any CPU
		{AD52175B-D365-4CD5-B3E0-75EB81148707}.Debug|Any CPU.Build.0 = Debug|Any CPU
		{AD52175B-D365-4CD5-B3E0-75EB81148707}.Release|Any CPU.ActiveCfg = Release|Any CPU
		{AD52175B-D365-4CD5-B3E0-75EB81148707}.Release|Any CPU.Build.0 = Release|Any CPU
	EndGlobalSection
	GlobalSection(SolutionProperties) = preSolution
		HideSolutionNode = FALSE
	EndGlobalSection
	GlobalSection(ExtensibilityGlobals) = postSolution
		SolutionGuid = {66BE41BE-C6FA-4D25-BFFE-D50469E44260}
	EndGlobalSection
EndGlobal
